{
  "requires": true,
  "lockfileVersion": 1,
  "dependencies": {
    "types-registry": {
      "version": "0.1.304",
      "resolved": "https://registry.npmjs.org/types-registry/-/types-registry-0.1.304.tgz",
      "integrity": "sha512-V0BLN3F6FEqVo2kyIEN17P0spbu/LtVd7B6IIr6SYEejRxo2+pKlrU+mtgSywk+zowDcJIRK88F7EAO1x8qZCQ=="
    }
  }
}
